
Microsoft Visual Studio Solution File, Format Version 12.00
# Visual Studio Version 17
VisualStudioVersion = 17.12.35527.113
MinimumVisualStudioVersion = 10.0.40219.1
Project("{FAE04EC0-301F-11D3-BF4B-00C04F79EFBC}") = "ChatProtocol", "ChatProtocol\ChatProtocol.csproj", "{FA9BB61C-6DF4-4F5E-881D-1026B3DF0D67}"
EndProject
Project("{FAE04EC0-301F-11D3-BF4B-00C04F79EFBC}") = "ChatServer", "ChatServer\ChatServer.csproj", "{801A55D2-7ECB-4067-B7DB-07B747FD076B}"
EndProject
Project("{FAE04EC0-301F-11D3-BF4B-00C04F79EFBC}") = "ChatClient", "ChatClient\ChatClient.csproj", "{3EC4BFEE-4A6D-4DEA-BB7A-C50792210956}"
EndProject
Global
	GlobalSection(SolutionConfigurationPlatforms) = preSolution
		Debug|Any CPU = Debug|Any CPU
		Release|Any CPU = Release|Any CPU
	EndGlobalSection
	GlobalSection(ProjectConfigurationPlatforms) = postSolution
		{FA9BB61C-6DF4-4F5E-881D-1026B3DF0D67}.Debug|Any CPU.ActiveCfg = Debug|Any CPU
		{FA9BB61C-6DF4-4F5E-881D-1026B3DF0D67}.Debug|Any CPU.Build.0 = Debug|Any CPU
		{FA9BB61C-6DF4-4F5E-881D-1026B3DF0D67}.Release|Any CPU.ActiveCfg = Release|Any CPU
		{FA9BB61C-6DF4-4F5E-881D-1026B3DF0D67}.Release|Any CPU.Build.0 = Release|Any CPU
		{801A55D2-7ECB-4067-B7DB-07B747FD076B}.Debug|Any CPU.ActiveCfg = Debug|Any CPU
		{801A55D2-7ECB-4067-B7DB-07B747FD076B}.Debug|Any CPU.Build.0 = Debug|Any CPU
		{801A55D2-7ECB-4067-B7DB-07B747FD076B}.Release|Any CPU.ActiveCfg = Release|Any CPU
		{801A55D2-7ECB-4067-B7DB-07B747FD076B}.Release|Any CPU.Build.0 = Release|Any CPU
		{3EC4BFEE-4A6D-4DEA-BB7A-C50792210956}.Debug|Any CPU.ActiveCfg = Debug|Any CPU
		{3EC4BFEE-4A6D-4DEA-BB7A-C50792210956}.Debug|Any CPU.Build.0 = Debug|Any CPU
		{3EC4BFEE-4A6D-4DEA-BB7A-C50792210956}.Release|Any CPU.ActiveCfg = Release|Any CPU
		{3EC4BFEE-4A6D-4DEA-BB7A-C50792210956}.Release|Any CPU.Build.0 = Release|Any CPU
	EndGlobalSection
	GlobalSection(SolutionProperties) = preSolution
		HideSolutionNode = FALSE
	EndGlobalSection
EndGlobal
